// !$*UTF8*$!
{
	archiveVersion = 1;
	classes = {
	};
	objectVersion = 46;
	objects = {

/* Begin PBXBuildFile section */
		600B38BC194815F9000B4BC5 /* Main.storyboard in Resources */ = {isa = PBXBuildFile; fileRef = 600B38BE194815F9000B4BC5 /* Main.storyboard */; };
		600B38C2194816CF000B4BC5 /* EVXViewController.m in Sources */ = {isa = PBXBuildFile; fileRef = 600B38C0194816CF000B4BC5 /* EVXViewController.m */; };
		600B38C3194816CF000B4BC5 /* EVXViewController.xib in Resources */ = {isa = PBXBuildFile; fileRef = 600B38C1194816CF000B4BC5 /* EVXViewController.xib */; };
		600BC551192FF4CA00345087 /* PlayingCardDeck.m in Sources */ = {isa = PBXBuildFile; fileRef = 600BC550192FF4CA00345087 /* PlayingCardDeck.m */; };
		60C76887192619FA0009D1C5 /* Foundation.framework in Frameworks */ = {isa = PBXBuildFile; fileRef = 60C76886192619FA0009D1C5 /* Foundation.framework */; };
		60C76889192619FA0009D1C5 /* CoreGraphics.framework in Frameworks */ = {isa = PBXBuildFile; fileRef = 60C76888192619FA0009D1C5 /* CoreGraphics.framework */; };
		60C7688B192619FA0009D1C5 /* UIKit.framework in Frameworks */ = {isa = PBXBuildFile; fileRef = 60C7688A192619FA0009D1C5 /* UIKit.framework */; };
		60C76891192619FA0009D1C5 /* InfoPlist.strings in Resources */ = {isa = PBXBuildFile; fileRef = 60C7688F192619FA0009D1C5 /* InfoPlist.strings */; };
		60C76893192619FA0009D1C5 /* main.m in Sources */ = {isa = PBXBuildFile; fileRef = 60C76892192619FA0009D1C5 /* main.m */; };
		60C76897192619FA0009D1C5 /* AppDelegate.m in Sources */ = {isa = PBXBuildFile; fileRef = 60C76896192619FA0009D1C5 /* AppDelegate.m */; };
		60C76899192619FA0009D1C5 /* Images.xcassets in Resources */ = {isa = PBXBuildFile; fileRef = 60C76898192619FA0009D1C5 /* Images.xcassets */; };
		60C768A0192619FA0009D1C5 /* XCTest.framework in Frameworks */ = {isa = PBXBuildFile; fileRef = 60C7689F192619FA0009D1C5 /* XCTest.framework */; };
		60C768A1192619FA0009D1C5 /* Foundation.framework in Frameworks */ = {isa = PBXBuildFile; fileRef = 60C76886192619FA0009D1C5 /* Foundation.framework */; };
		60C768A2192619FA0009D1C5 /* UIKit.framework in Frameworks */ = {isa = PBXBuildFile; fileRef = 60C7688A192619FA0009D1C5 /* UIKit.framework */; };
		60C768AA192619FA0009D1C5 /* InfoPlist.strings in Resources */ = {isa = PBXBuildFile; fileRef = 60C768A8192619FA0009D1C5 /* InfoPlist.strings */; };
		60C768AC192619FA0009D1C5 /* cardStanfTests.m in Sources */ = {isa = PBXBuildFile; fileRef = 60C768AB192619FA0009D1C5 /* cardStanfTests.m */; };
		60C768B819261C620009D1C5 /* Card.m in Sources */ = {isa = PBXBuildFile; fileRef = 60C768B719261C620009D1C5 /* Card.m */; };
		60CA11941926AC4800B06135 /* Deck.m in Sources */ = {isa = PBXBuildFile; fileRef = 60CA11931926AC4800B06135 /* Deck.m */; };
		60F296B219280D97008CF748 /* PlayingCard.m in Sources */ = {isa = PBXBuildFile; fileRef = 60F296B119280D97008CF748 /* PlayingCard.m */; };
/* End PBXBuildFile section */

/* Begin PBXContainerItemProxy section */
		60C768A3192619FA0009D1C5 /* PBXContainerItemProxy */ = {
			isa = PBXContainerItemProxy;
			containerPortal = 60C7687B192619FA0009D1C5 /* Project object */;
			proxyType = 1;
			remoteGlobalIDString = 60C76882192619FA0009D1C5;
			remoteInfo = cardStanf;
		};
/* End PBXContainerItemProxy section */

/* Begin PBXFileReference section */
		600B38BD194815F9000B4BC5 /* en */ = {isa = PBXFileReference; lastKnownFileType = file.storyboard; name = en; path = en.lproj/Main.storyboard; sourceTree = "<group>"; };
		600B38BF194816CF000B4BC5 /* EVXViewController.h */ = {isa = PBXFileReference; fileEncoding = 4; lastKnownFileType = sourcecode.c.h; path = EVXViewController.h; sourceTree = "<group>"; };
		600B38C0194816CF000B4BC5 /* EVXViewController.m */ = {isa = PBXFileReference; fileEncoding = 4; lastKnownFileType = sourcecode.c.objc; path = EVXViewController.m; sourceTree = "<group>"; };
		600B38C1194816CF000B4BC5 /* EVXViewController.xib */ = {isa = PBXFileReference; fileEncoding = 4; lastKnownFileType = file.xib; path = EVXViewController.xib; sourceTree = "<group>"; };
		600BC54F192FF4CA00345087 /* PlayingCardDeck.h */ = {isa = PBXFileReference; fileEncoding = 4; lastKnownFileType = sourcecode.c.h; path = PlayingCardDeck.h; sourceTree = "<group>"; };
		600BC550192FF4CA00345087 /* PlayingCardDeck.m */ = {isa = PBXFileReference; fileEncoding = 4; lastKnownFileType = sourcecode.c.objc; path = PlayingCardDeck.m; sourceTree = "<group>"; };
		60C76883192619FA0009D1C5 /* cardStanf.app */ = {isa = PBXFileReference; explicitFileType = wrapper.application; includeInIndex = 0; path = cardStanf.app; sourceTree = BUILT_PRODUCTS_DIR; };
		60C76886192619FA0009D1C5 /* Foundation.framework */ = {isa = PBXFileReference; lastKnownFileType = wrapper.framework; name = Foundation.framework; path = System/Library/Frameworks/Foundation.framework; sourceTree = SDKROOT; };
		60C76888192619FA0009D1C5 /* CoreGraphics.framework */ = {isa = PBXFileReference; lastKnownFileType = wrapper.framework; name = CoreGraphics.framework; path = System/Library/Frameworks/CoreGraphics.framework; sourceTree = SDKROOT; };
		60C7688A192619FA0009D1C5 /* UIKit.framework */ = {isa = PBXFileReference; lastKnownFileType = wrapper.framework; name = UIKit.framework; path = System/Library/Frameworks/UIKit.framework; sourceTree = SDKROOT; };
		60C7688E192619FA0009D1C5 /* cardStanf-Info.plist */ = {isa = PBXFileReference; lastKnownFileType = text.plist.xml; path = "cardStanf-Info.plist"; sourceTree = "<group>"; };
		60C76890192619FA0009D1C5 /* en */ = {isa = PBXFileReference; lastKnownFileType = text.plist.strings; name = en; path = en.lproj/InfoPlist.strings; sourceTree = "<group>"; };
		60C76892192619FA0009D1C5 /* main.m */ = {isa = PBXFileReference; lastKnownFileType = sourcecode.c.objc; path = main.m; sourceTree = "<group>"; };
		60C76894192619FA0009D1C5 /* cardStanf-Prefix.pch */ = {isa = PBXFileReference; lastKnownFileType = sourcecode.c.h; path = "cardStanf-Prefix.pch"; sourceTree = "<group>"; };
		60C76895192619FA0009D1C5 /* AppDelegate.h */ = {isa = PBXFileReference; lastKnownFileType = sourcecode.c.h; path = AppDelegate.h; sourceTree = "<group>"; };
		60C76896192619FA0009D1C5 /* AppDelegate.m */ = {isa = PBXFileReference; lastKnownFileType = sourcecode.c.objc; path = AppDelegate.m; sourceTree = "<group>"; };
		60C76898192619FA0009D1C5 /* Images.xcassets */ = {isa = PBXFileReference; lastKnownFileType = folder.assetcatalog; path = Images.xcassets; sourceTree = "<group>"; };
		60C7689E192619FA0009D1C5 /* cardStanfTests.xctest */ = {isa = PBXFileReference; explicitFileType = wrapper.cfbundle; includeInIndex = 0; path = cardStanfTests.xctest; sourceTree = BUILT_PRODUCTS_DIR; };
		60C7689F192619FA0009D1C5 /* XCTest.framework */ = {isa = PBXFileReference; lastKnownFileType = wrapper.framework; name = XCTest.framework; path = Library/Frameworks/XCTest.framework; sourceTree = DEVELOPER_DIR; };
		60C768A7192619FA0009D1C5 /* cardStanfTests-Info.plist */ = {isa = PBXFileReference; lastKnownFileType = text.plist.xml; path = "cardStanfTests-Info.plist"; sourceTree = "<group>"; };
		60C768A9192619FA0009D1C5 /* en */ = {isa = PBXFileReference; lastKnownFileType = text.plist.strings; name = en; path = en.lproj/InfoPlist.strings; sourceTree = "<group>"; };
		60C768AB192619FA0009D1C5 /* cardStanfTests.m */ = {isa = PBXFileReference; lastKnownFileType = sourcecode.c.objc; path = cardStanfTests.m; sourceTree = "<group>"; };
		60C768B519261C330009D1C5 /* Card.h */ = {isa = PBXFileReference; fileEncoding = 4; lastKnownFileType = sourcecode.c.h; path = Card.h; sourceTree = "<group>"; };
		60C768B719261C620009D1C5 /* Card.m */ = {isa = PBXFileReference; fileEncoding = 4; lastKnownFileType = sourcecode.c.objc; path = Card.m; sourceTree = "<group>"; };
		60CA11921926AC4800B06135 /* Deck.h */ = {isa = PBXFileReference; fileEncoding = 4; lastKnownFileType = sourcecode.c.h; path = Deck.h; sourceTree = "<group>"; };
		60CA11931926AC4800B06135 /* Deck.m */ = {isa = PBXFileReference; fileEncoding = 4; lastKnownFileType = sourcecode.c.objc; path = Deck.m; sourceTree = "<group>"; };
		60F296B019280D50008CF748 /* PlayingCard.h */ = {isa = PBXFileReference; lastKnownFileType = sourcecode.c.h; path = PlayingCard.h; sourceTree = "<group>"; };
		60F296B119280D97008CF748 /* PlayingCard.m */ = {isa = PBXFileReference; fileEncoding = 4; lastKnownFileType = sourcecode.c.objc; path = PlayingCard.m; sourceTree = "<group>"; };
/* End PBXFileReference section */

/* Begin PBXFrameworksBuildPhase section */
		60C76880192619FA0009D1C5 /* Frameworks */ = {
			isa = PBXFrameworksBuildPhase;
			buildActionMask = 2147483647;
			files = (
				60C76889192619FA0009D1C5 /* CoreGraphics.framework in Frameworks */,
				60C7688B192619FA0009D1C5 /* UIKit.framework in Frameworks */,
				60C76887192619FA0009D1C5 /* Foundation.framework in Frameworks */,
			);
			runOnlyForDeploymentPostprocessing = 0;
		};
		60C7689B192619FA0009D1C5 /* Frameworks */ = {
			isa = PBXFrameworksBuildPhase;
			buildActionMask = 2147483647;
			files = (
				60C768A0192619FA0009D1C5 /* XCTest.framework in Frameworks */,
				60C768A2192619FA0009D1C5 /* UIKit.framework in Frameworks */,
				60C768A1192619FA0009D1C5 /* Foundation.framework in Frameworks */,
			);
			runOnlyForDeploymentPostprocessing = 0;
		};
/* End PBXFrameworksBuildPhase section */

/* Begin PBXGroup section */
		60C7687A192619FA0009D1C5 = {
			isa = PBXGroup;
			children = (
				60C7688C192619FA0009D1C5 /* cardStanf */,
				60C768A5192619FA0009D1C5 /* cardStanfTests */,
				60C76885192619FA0009D1C5 /* Frameworks */,
				60C76884192619FA0009D1C5 /* Products */,
			);
			sourceTree = "<group>";
		};
		60C76884192619FA0009D1C5 /* Products */ = {
			isa = PBXGroup;
			children = (
				60C76883192619FA0009D1C5 /* cardStanf.app */,
				60C7689E192619FA0009D1C5 /* cardStanfTests.xctest */,
			);
			name = Products;
			sourceTree = "<group>";
		};
		60C76885192619FA0009D1C5 /* Frameworks */ = {
			isa = PBXGroup;
			children = (
				60C76886192619FA0009D1C5 /* Foundation.framework */,
				60C76888192619FA0009D1C5 /* CoreGraphics.framework */,
				60C7688A192619FA0009D1C5 /* UIKit.framework */,
				60C7689F192619FA0009D1C5 /* XCTest.framework */,
			);
			name = Frameworks;
			sourceTree = "<group>";
		};
		60C7688C192619FA0009D1C5 /* cardStanf */ = {
			isa = PBXGroup;
			children = (
				600B38BF194816CF000B4BC5 /* EVXViewController.h */,
				600B38C0194816CF000B4BC5 /* EVXViewController.m */,
				600B38C1194816CF000B4BC5 /* EVXViewController.xib */,
				600B38BE194815F9000B4BC5 /* Main.storyboard */,
				60C768B519261C330009D1C5 /* Card.h */,
				60C768B719261C620009D1C5 /* Card.m */,
				60F296B019280D50008CF748 /* PlayingCard.h */,
				60F296B119280D97008CF748 /* PlayingCard.m */,
				600BC54F192FF4CA00345087 /* PlayingCardDeck.h */,
				600BC550192FF4CA00345087 /* PlayingCardDeck.m */,
				60CA11921926AC4800B06135 /* Deck.h */,
				60CA11931926AC4800B06135 /* Deck.m */,
				60C76898192619FA0009D1C5 /* Images.xcassets */,
				60C7688D192619FA0009D1C5 /* Supporting Files */,
			);
			path = cardStanf;
			sourceTree = "<group>";
		};
		60C7688D192619FA0009D1C5 /* Supporting Files */ = {
			isa = PBXGroup;
			children = (
				60C76895192619FA0009D1C5 /* AppDelegate.h */,
				60C76896192619FA0009D1C5 /* AppDelegate.m */,
				60C7688E192619FA0009D1C5 /* cardStanf-Info.plist */,
				60C7688F192619FA0009D1C5 /* InfoPlist.strings */,
				60C76892192619FA0009D1C5 /* main.m */,
				60C76894192619FA0009D1C5 /* cardStanf-Prefix.pch */,
			);
			name = "Supporting Files";
			sourceTree = "<group>";
		};
		60C768A5192619FA0009D1C5 /* cardStanfTests */ = {
			isa = PBXGroup;
			children = (
				60C768AB192619FA0009D1C5 /* cardStanfTests.m */,
				60C768A6192619FA0009D1C5 /* Supporting Files */,
			);
			path = cardStanfTests;
			sourceTree = "<group>";
		};
		60C768A6192619FA0009D1C5 /* Supporting Files */ = {
			isa = PBXGroup;
			children = (
				60C768A7192619FA0009D1C5 /* cardStanfTests-Info.plist */,
				60C768A8192619FA0009D1C5 /* InfoPlist.strings */,
			);
			name = "Supporting Files";
			sourceTree = "<group>";
		};
/* End PBXGroup section */

/* Begin PBXNativeTarget section */
		60C76882192619FA0009D1C5 /* cardStanf */ = {
			isa = PBXNativeTarget;
			buildConfigurationList = 60C768AF192619FA0009D1C5 /* Build configuration list for PBXNativeTarget "cardStanf" */;
			buildPhases = (
				60C7687F192619FA0009D1C5 /* Sources */,
				60C76880192619FA0009D1C5 /* Frameworks */,
				60C76881192619FA0009D1C5 /* Resources */,
			);
			buildRules = (
			);
			dependencies = (
			);
			name = cardStanf;
			productName = cardStanf;
			productReference = 60C76883192619FA0009D1C5 /* cardStanf.app */;
			productType = "com.apple.product-type.application";
		};
		60C7689D192619FA0009D1C5 /* cardStanfTests */ = {
			isa = PBXNativeTarget;
			buildConfigurationList = 60C768B2192619FA0009D1C5 /* Build configuration list for PBXNativeTarget "cardStanfTests" */;
			buildPhases = (
				60C7689A192619FA0009D1C5 /* Sources */,
				60C7689B192619FA0009D1C5 /* Frameworks */,
				60C7689C192619FA0009D1C5 /* Resources */,
			);
			buildRules = (
			);
			dependencies = (
				60C768A4192619FA0009D1C5 /* PBXTargetDependency */,
			);
			name = cardStanfTests;
			productName = cardStanfTests;
			productReference = 60C7689E192619FA0009D1C5 /* cardStanfTests.xctest */;
			productType = "com.apple.product-type.bundle.unit-test";
		};
/* End PBXNativeTarget section */

/* Begin PBXProject section */
		60C7687B192619FA0009D1C5 /* Project object */ = {
			isa = PBXProject;
			attributes = {
				CLASSPREFIX = EVX;
				LastUpgradeCheck = 0510;
				ORGANIZATIONNAME = evxyz001;
				TargetAttributes = {
					60C76882192619FA0009D1C5 = {
						DevelopmentTeam = 5M72H855QD;
					};
					60C7689D192619FA0009D1C5 = {
						TestTargetID = 60C76882192619FA0009D1C5;
					};
				};
			};
			buildConfigurationList = 60C7687E192619FA0009D1C5 /* Build configuration list for PBXProject "cardStanf" */;
			compatibilityVersion = "Xcode 3.2";
			developmentRegion = English;
			hasScannedForEncodings = 0;
			knownRegions = (
				en,
			);
			mainGroup = 60C7687A192619FA0009D1C5;
			productRefGroup = 60C76884192619FA0009D1C5 /* Products */;
			projectDirPath = "";
			projectRoot = "";
			targets = (
				60C76882192619FA0009D1C5 /* cardStanf */,
				60C7689D192619FA0009D1C5 /* cardStanfTests */,
			);
		};
/* End PBXProject section */

/* Begin PBXResourcesBuildPhase section */
		60C76881192619FA0009D1C5 /* Resources */ = {
			isa = PBXResourcesBuildPhase;
			buildActionMask = 2147483647;
			files = (
				600B38C3194816CF000B4BC5 /* EVXViewController.xib in Resources */,
				600B38BC194815F9000B4BC5 /* Main.storyboard in Resources */,
				60C76891192619FA0009D1C5 /* InfoPlist.strings in Resources */,
				60C76899192619FA0009D1C5 /* Images.xcassets in Resources */,
			);
			runOnlyForDeploymentPostprocessing = 0;
		};
		60C7689C192619FA0009D1C5 /* Resources */ = {
			isa = PBXResourcesBuildPhase;
			buildActionMask = 2147483647;
			files = (
				60C768AA192619FA0009D1C5 /* InfoPlist.strings in Resources */,
			);
			runOnlyForDeploymentPostprocessing = 0;
		};
/* End PBXResourcesBuildPhase section */

/* Begin PBXSourcesBuildPhase section */
		60C7687F192619FA0009D1C5 /* Sources */ = {
			isa = PBXSourcesBuildPhase;
			buildActionMask = 2147483647;
			files = (
				60C76897192619FA0009D1C5 /* AppDelegate.m in Sources */,
				600BC551192FF4CA00345087 /* PlayingCardDeck.m in Sources */,
				60C768B819261C620009D1C5 /* Card.m in Sources */,
				60CA11941926AC4800B06135 /* Deck.m in Sources */,
				60F296B219280D97008CF748 /* PlayingCard.m in Sources */,
				600B38C2194816CF000B4BC5 /* EVXViewController.m in Sources */,
				60C76893192619FA0009D1C5 /* main.m in Sources */,
			);
			runOnlyForDeploymentPostprocessing = 0;
		};
		60C7689A192619FA0009D1C5 /* Sources */ = {
			isa = PBXSourcesBuildPhase;
			buildActionMask = 2147483647;
			files = (
				60C768AC192619FA0009D1C5 /* cardStanfTests.m in Sources */,
			);
			runOnlyForDeploymentPostprocessing = 0;
		};
/* End PBXSourcesBuildPhase section */

/* Begin PBXTargetDependency section */
		60C768A4192619FA0009D1C5 /* PBXTargetDependency */ = {
			isa = PBXTargetDependency;
			target = 60C76882192619FA0009D1C5 /* cardStanf */;
			targetProxy = 60C768A3192619FA0009D1C5 /* PBXContainerItemProxy */;
		};
/* End PBXTargetDependency section */

/* Begin PBXVariantGroup section */
		600B38BE194815F9000B4BC5 /* Main.storyboard */ = {
			isa = PBXVariantGroup;
			children = (
				600B38BD194815F9000B4BC5 /* en */,
			);
			name = Main.storyboard;
			sourceTree = "<group>";
		};
		60C7688F192619FA0009D1C5 /* InfoPlist.strings */ = {
			isa = PBXVariantGroup;
			children = (
				60C76890192619FA0009D1C5 /* en */,
			);
			name = InfoPlist.strings;
			sourceTree = "<group>";
		};
		60C768A8192619FA0009D1C5 /* InfoPlist.strings */ = {
			isa = PBXVariantGroup;
			children = (
				60C768A9192619FA0009D1C5 /* en */,
			);
			name = InfoPlist.strings;
			sourceTree = "<group>";
		};
/* End PBXVariantGroup section */

/* Begin XCBuildConfiguration section */
		60C768AD192619FA0009D1C5 /* Debug */ = {
			isa = XCBuildConfiguration;
			buildSettings = {
				ALWAYS_SEARCH_USER_PATHS = NO;
				CLANG_CXX_LANGUAGE_STANDARD = "gnu++0x";
				CLANG_CXX_LIBRARY = "libc++";
				CLANG_ENABLE_MODULES = YES;
				CLANG_ENABLE_OBJC_ARC = YES;
				CLANG_WARN_BOOL_CONVERSION = YES;
				CLANG_WARN_CONSTANT_CONVERSION = YES;
				CLANG_WARN_DIRECT_OBJC_ISA_USAGE = YES_ERROR;
				CLANG_WARN_EMPTY_BODY = YES;
				CLANG_WARN_ENUM_CONVERSION = YES;
				CLANG_WARN_INT_CONVERSION = YES;
				CLANG_WARN_OBJC_ROOT_CLASS = YES_ERROR;
				CLANG_WARN__DUPLICATE_METHOD_MATCH = YES;
				"CODE_SIGN_IDENTITY[sdk=iphoneos*]" = "iPhone Developer";
				COPY_PHASE_STRIP = NO;
				GCC_C_LANGUAGE_STANDARD = gnu99;
				GCC_DYNAMIC_NO_PIC = NO;
				GCC_OPTIMIZATION_LEVEL = 0;
				GCC_PREPROCESSOR_DEFINITIONS = (
					"DEBUG=1",
					"$(inherited)",
				);
				GCC_SYMBOLS_PRIVATE_EXTERN = NO;
				GCC_WARN_64_TO_32_BIT_CONVERSION = YES;
				GCC_WARN_ABOUT_RETURN_TYPE = YES_ERROR;
				GCC_WARN_UNDECLARED_SELECTOR = YES;
				GCC_WARN_UNINITIALIZED_AUTOS = YES_AGGRESSIVE;
				GCC_WARN_UNUSED_FUNCTION = YES;
				GCC_WARN_UNUSED_VARIABLE = YES;
				IPHONEOS_DEPLOYMENT_TARGET = 7.1;
				ONLY_ACTIVE_ARCH = YES;
				SDKROOT = iphoneos;
			};
			name = Debug;
		};
		60C768AE192619FA0009D1C5 /* Release */ = {
			isa = XCBuildConfiguration;
			buildSettings = {
				ALWAYS_SEARCH_USER_PATHS = NO;
				CLANG_CXX_LANGUAGE_STANDARD = "gnu++0x";
				CLANG_CXX_LIBRARY = "libc++";
				CLANG_ENABLE_MODULES = YES;
				CLANG_ENABLE_OBJC_ARC = YES;
				CLANG_WARN_BOOL_CONVERSION = YES;
				CLANG_WARN_CONSTANT_CONVERSION = YES;
				CLANG_WARN_DIRECT_OBJC_ISA_USAGE = YES_ERROR;
				CLANG_WARN_EMPTY_BODY = YES;
				CLANG_WARN_ENUM_CONVERSION = YES;
				CLANG_WARN_INT_CONVERSION = YES;
				CLANG_WARN_OBJC_ROOT_CLASS = YES_ERROR;
				CLANG_WARN__DUPLICATE_METHOD_MATCH = YES;
				"CODE_SIGN_IDENTITY[sdk=iphoneos*]" = "iPhone Developer";
				COPY_PHASE_STRIP = YES;
				ENABLE_NS_ASSERTIONS = NO;
				GCC_C_LANGUAGE_STANDARD = gnu99;
				GCC_WARN_64_TO_32_BIT_CONVERSION = YES;
				GCC_WARN_ABOUT_RETURN_TYPE = YES_ERROR;
				GCC_WARN_UNDECLARED_SELECTOR = YES;
				GCC_WARN_UNINITIALIZED_AUTOS = YES_AGGRESSIVE;
				GCC_WARN_UNUSED_FUNCTION = YES;
				GCC_WARN_UNUSED_VARIABLE = YES;
				IPHONEOS_DEPLOYMENT_TARGET = 7.1;
				SDKROOT = iphoneos;
				VALIDATE_PRODUCT = YES;
			};
			name = Release;
		};
		60C768B0192619FA0009D1C5 /* Debug */ = {
			isa = XCBuildConfiguration;
			buildSettings = {
				ASSETCATALOG_COMPILER_APPICON_NAME = AppIcon;
				ASSETCATALOG_COMPILER_LAUNCHIMAGE_NAME = LaunchImage;
				CODE_SIGN_IDENTITY = "iPhone Developer";
				"CODE_SIGN_IDENTITY[sdk=iphoneos*]" = "iPhone Developer";
				GCC_PRECOMPILE_PREFIX_HEADER = YES;
				GCC_PREFIX_HEADER = "cardStanf/cardStanf-Prefix.pch";
				INFOPLIST_FILE = "cardStanf/cardStanf-Info.plist";
				IPHONEOS_DEPLOYMENT_TARGET = 7.1;
				PRODUCT_NAME = "$(TARGET_NAME)";
				PROVISIONING_PROFILE = "";
				WRAPPER_EXTENSION = app;
			};
			name = Debug;
		};
		60C768B1192619FA0009D1C5 /* Release */ = {
			isa = XCBuildConfiguration;
			buildSettings = {
				ASSETCATALOG_COMPILER_APPICON_NAME = AppIcon;
				ASSETCATALOG_COMPILER_LAUNCHIMAGE_NAME = LaunchImage;
				CODE_SIGN_IDENTITY = "iPhone Developer";
				"CODE_SIGN_IDENTITY[sdk=iphoneos*]" = "iPhone Developer";
				GCC_PRECOMPILE_PREFIX_HEADER = YES;
				GCC_PREFIX_HEADER = "cardStanf/cardStanf-Prefix.pch";
				INFOPLIST_FILE = "cardStanf/cardStanf-Info.plist";
				IPHONEOS_DEPLOYMENT_TARGET = 7.1;
				PRODUCT_NAME = "$(TARGET_NAME)";
				PROVISIONING_PROFILE = "";
				WRAPPER_EXTENSION = app;
			};
			name = Release;
		};
		60C768B3192619FA0009D1C5 /* Debug */ = {
			isa = XCBuildConfiguration;
			buildSettings = {
				BUNDLE_LOADER = "$(BUILT_PRODUCTS_DIR)/cardStanf.app/cardStanf";
				FRAMEWORK_SEARCH_PATHS = (
					"$(SDKROOT)/Developer/Library/Frameworks",
					"$(inherited)",
					"$(DEVELOPER_FRAMEWORKS_DIR)",
				);
				GCC_PRECOMPILE_PREFIX_HEADER = YES;
				GCC_PREFIX_HEADER = "cardStanf/cardStanf-Prefix.pch";
				GCC_PREPROCESSOR_DEFINITIONS = (
					"DEBUG=1",
					"$(inherited)",
				);
				INFOPLIST_FILE = "cardStanfTests/cardStanfTests-Info.plist";
				PRODUCT_NAME = "$(TARGET_NAME)";
				TEST_HOST = "$(BUNDLE_LOADER)";
				WRAPPER_EXTENSION = xctest;
			};
			name = Debug;
		};
		60C768B4192619FA0009D1C5 /* Release */ = {
			isa = XCBuildConfiguration;
			buildSettings = {
				BUNDLE_LOADER = "$(BUILT_PRODUCTS_DIR)/cardStanf.app/cardStanf";
				FRAMEWORK_SEARCH_PATHS = (
					"$(SDKROOT)/Developer/Library/Frameworks",
					"$(inherited)",
					"$(DEVELOPER_FRAMEWORKS_DIR)",
				);
				GCC_PRECOMPILE_PREFIX_HEADER = YES;
				GCC_PREFIX_HEADER = "cardStanf/cardStanf-Prefix.pch";
				INFOPLIST_FILE = "cardStanfTests/cardStanfTests-Info.plist";
				PRODUCT_NAME = "$(TARGET_NAME)";
				TEST_HOST = "$(BUNDLE_LOADER)";
				WRAPPER_EXTENSION = xctest;
			};
			name = Release;
		};
/* End XCBuildConfiguration section */

/* Begin XCConfigurationList section */
		60C7687E192619FA0009D1C5 /* Build configuration list for PBXProject "cardStanf" */ = {
			isa = XCConfigurationList;
			buildConfigurations = (
				60C768AD192619FA0009D1C5 /* Debug */,
				60C768AE192619FA0009D1C5 /* Release */,
			);
			defaultConfigurationIsVisible = 0;
			defaultConfigurationName = Release;
		};
		60C768AF192619FA0009D1C5 /* Build configuration list for PBXNativeTarget "cardStanf" */ = {
			isa = XCConfigurationList;
			buildConfigurations = (
				60C768B0192619FA0009D1C5 /* Debug */,
				60C768B1192619FA0009D1C5 /* Release */,
			);
			defaultConfigurationIsVisible = 0;
			defaultConfigurationName = Release;
		};
		60C768B2192619FA0009D1C5 /* Build configuration list for PBXNativeTarget "cardStanfTests" */ = {
			isa = XCConfigurationList;
			buildConfigurations = (
				60C768B3192619FA0009D1C5 /* Debug */,
				60C768B4192619FA0009D1C5 /* Release */,
			);
			defaultConfigurationIsVisible = 0;
			defaultConfigurationName = Release;
		};
/* End XCConfigurationList section */
	};
	rootObject = 60C7687B192619FA0009D1C5 /* Project object */;
}
